PODS:
  - Flutter (1.0.0)
  - flutter_ogury (0.0.1):
    - Flutter
    - OguryAds (= 1.4.1)
    - OguryChoiceManager (= 3.1.0)
  - OguryAds (1.4.1):
    - OguryAds/OMID (= 1.4.1)
  - OguryAds/OMID (1.4.1)
  - OguryChoiceManager (3.1.0)

DEPENDENCIES:
  - Flutter (from `Flutter`)
  - flutter_ogury (from `.symlinks/plugins/flutter_ogury/ios`)

SPEC REPOS:
  trunk:
    - OguryAds
    - OguryChoiceManager

EXTERNAL SOURCES:
  Flutter:
    :path: Flutter
  flutter_ogury:
    :path: ".symlinks/plugins/flutter_ogury/ios"

SPEC CHECKSUMS:
  Flutter: 0e3d915762c693b495b44d77113d4970485de6ec
  flutter_ogury: 22702e4cf38cf613759ef67c53a74b253166951a
  OguryAds: 9274d169e20fe29d3cde4bfcaf56904ae9e0b3fb
  OguryChoiceManager: b6db93f0e25f1249bdb4d94b6232dfbd29a5ce07

PODFILE CHECKSUM: fe0e1ee7f3d1f7d00b11b474b62dd62134535aea

COCOAPODS: 1.10.0.beta.1
